
Microsoft Visual Studio Solution File, Format Version 12.00
# Visual Studio Version 16
VisualStudioVersion = 16.0.30406.217
MinimumVisualStudioVersion = 10.0.40219.1
Project("{9A19103F-16F7-4668-BE54-9A1E7A4F7556}") = "WebApplication1", "WebApplication1\WebApplication1.csproj", "{AB51B611-00FE-46BD-9BAB-9582C48C64F0}"
EndProject
Project("{9A19103F-16F7-4668-BE54-9A1E7A4F7556}") = "Patient", "Customer\Patient.csproj", "{12A27760-DCAA-4E8A-8A63-EF2FCAC671AD}"
EndProject
Project("{9A19103F-16F7-4668-BE54-9A1E7A4F7556}") = "PatientRepository", "PatientRepository\PatientRepository.csproj", "{9195C5BE-011A-4246-9DB3-1849014A31AD}"
EndProject
Project("{FAE04EC0-301F-11D3-BF4B-00C04F79EFBC}") = "UnitTestProject", "UnitTestProject\UnitTestProject.csproj", "{E6E93C00-8DCF-41D9-8D8C-B537E6641CAC}"
EndProject
Global
	GlobalSection(SolutionConfigurationPlatforms) = preSolution
		Debug|Any CPU = Debug|Any CPU
		Release|Any CPU = Release|Any CPU
	EndGlobalSection
	GlobalSection(ProjectConfigurationPlatforms) = postSolution
		{AB51B611-00FE-46BD-9BAB-9582C48C64F0}.Debug|Any CPU.ActiveCfg = Debug|Any CPU
		{AB51B611-00FE-46BD-9BAB-9582C48C64F0}.Debug|Any CPU.Build.0 = Debug|Any CPU
		{AB51B611-00FE-46BD-9BAB-9582C48C64F0}.Release|Any CPU.ActiveCfg = Release|Any CPU
		{AB51B611-00FE-46BD-9BAB-9582C48C64F0}.Release|Any CPU.Build.0 = Release|Any CPU
		{12A27760-DCAA-4E8A-8A63-EF2FCAC671AD}.Debug|Any CPU.ActiveCfg = Debug|Any CPU
		{12A27760-DCAA-4E8A-8A63-EF2FCAC671AD}.Debug|Any CPU.Build.0 = Debug|Any CPU
		{12A27760-DCAA-4E8A-8A63-EF2FCAC671AD}.Release|Any CPU.ActiveCfg = Release|Any CPU
		{12A27760-DCAA-4E8A-8A63-EF2FCAC671AD}.Release|Any CPU.Build.0 = Release|Any CPU
		{9195C5BE-011A-4246-9DB3-1849014A31AD}.Debug|Any CPU.ActiveCfg = Debug|Any CPU
		{9195C5BE-011A-4246-9DB3-1849014A31AD}.Debug|Any CPU.Build.0 = Debug|Any CPU
		{9195C5BE-011A-4246-9DB3-1849014A31AD}.Release|Any CPU.ActiveCfg = Release|Any CPU
		{9195C5BE-011A-4246-9DB3-1849014A31AD}.Release|Any CPU.Build.0 = Release|Any CPU
		{E6E93C00-8DCF-41D9-8D8C-B537E6641CAC}.Debug|Any CPU.ActiveCfg = Debug|Any CPU
		{E6E93C00-8DCF-41D9-8D8C-B537E6641CAC}.Debug|Any CPU.Build.0 = Debug|Any CPU
		{E6E93C00-8DCF-41D9-8D8C-B537E6641CAC}.Release|Any CPU.ActiveCfg = Release|Any CPU
		{E6E93C00-8DCF-41D9-8D8C-B537E6641CAC}.Release|Any CPU.Build.0 = Release|Any CPU
	EndGlobalSection
	GlobalSection(SolutionProperties) = preSolution
		HideSolutionNode = FALSE
	EndGlobalSection
	GlobalSection(ExtensibilityGlobals) = postSolution
		SolutionGuid = {E774D1CF-1257-42D8-9BF4-8C9830D56554}
	EndGlobalSection
EndGlobal
